PODS:
  - CLCocoaExtension (0.1.0)
  - FBSnapshotTestCase (2.0.7):
    - FBSnapshotTestCase/SwiftSupport (= 2.0.7)
  - FBSnapshotTestCase/Core (2.0.7)
  - FBSnapshotTestCase/SwiftSupport (2.0.7):
    - FBSnapshotTestCase/Core

DEPENDENCIES:
  - CLCocoaExtension (from `../`)
  - FBSnapshotTestCase

EXTERNAL SOURCES:
  CLCocoaExtension:
    :path: ../

SPEC CHECKSUMS:
  CLCocoaExtension: af6fa028b27dc498c89d0ed9d73e7a510a1e4c67
  FBSnapshotTestCase: 7e85180d0d141a0cf472352edda7e80d7eaeb547

COCOAPODS: 0.39.0
