// !$*UTF8*$!
{
	archiveVersion = 1;
	classes = {
	};
	objectVersion = 46;
	objects = {

/* Begin PBXBuildFile section */
		B9540E2C1C23D7AB006A9146 /* main.m in Sources */ = {isa = PBXBuildFile; fileRef = B9540E2B1C23D7AB006A9146 /* main.m */; };
		B9540E2F1C23D7AB006A9146 /* AppDelegate.m in Sources */ = {isa = PBXBuildFile; fileRef = B9540E2E1C23D7AB006A9146 /* AppDelegate.m */; };
		B9540E321C23D7AB006A9146 /* ViewController.m in Sources */ = {isa = PBXBuildFile; fileRef = B9540E311C23D7AB006A9146 /* ViewController.m */; };
		B9540E351C23D7AB006A9146 /* Main.storyboard in Resources */ = {isa = PBXBuildFile; fileRef = B9540E331C23D7AB006A9146 /* Main.storyboard */; };
		B9540E371C23D7AB006A9146 /* Assets.xcassets in Resources */ = {isa = PBXBuildFile; fileRef = B9540E361C23D7AB006A9146 /* Assets.xcassets */; };
		B9540E3A1C23D7AB006A9146 /* LaunchScreen.storyboard in Resources */ = {isa = PBXBuildFile; fileRef = B9540E381C23D7AB006A9146 /* LaunchScreen.storyboard */; };
		B9540E451C23D7AB006A9146 /* CLCocoaExtensionTests.m in Sources */ = {isa = PBXBuildFile; fileRef = B9540E441C23D7AB006A9146 /* CLCocoaExtensionTests.m */; };
		B9540E501C23D7AB006A9146 /* CLCocoaExtensionUITests.m in Sources */ = {isa = PBXBuildFile; fileRef = B9540E4F1C23D7AB006A9146 /* CLCocoaExtensionUITests.m */; };
/* End PBXBuildFile section */

/* Begin PBXContainerItemProxy section */
		B9540E411C23D7AB006A9146 /* PBXContainerItemProxy */ = {
			isa = PBXContainerItemProxy;
			containerPortal = B9540E1F1C23D7AB006A9146 /* Project object */;
			proxyType = 1;
			remoteGlobalIDString = B9540E261C23D7AB006A9146;
			remoteInfo = CLCocoaExtension;
		};
		B9540E4C1C23D7AB006A9146 /* PBXContainerItemProxy */ = {
			isa = PBXContainerItemProxy;
			containerPortal = B9540E1F1C23D7AB006A9146 /* Project object */;
			proxyType = 1;
			remoteGlobalIDString = B9540E261C23D7AB006A9146;
			remoteInfo = CLCocoaExtension;
		};
/* End PBXContainerItemProxy section */

/* Begin PBXFileReference section */
		B9540E271C23D7AB006A9146 /* CLCocoaExtension.app */ = {isa = PBXFileReference; explicitFileType = wrapper.application; includeInIndex = 0; path = CLCocoaExtension.app; sourceTree = BUILT_PRODUCTS_DIR; };
		B9540E2B1C23D7AB006A9146 /* main.m */ = {isa = PBXFileReference; lastKnownFileType = sourcecode.c.objc; path = main.m; sourceTree = "<group>"; };
		B9540E2D1C23D7AB006A9146 /* AppDelegate.h */ = {isa = PBXFileReference; lastKnownFileType = sourcecode.c.h; path = AppDelegate.h; sourceTree = "<group>"; };
		B9540E2E1C23D7AB006A9146 /* AppDelegate.m */ = {isa = PBXFileReference; lastKnownFileType = sourcecode.c.objc; path = AppDelegate.m; sourceTree = "<group>"; };
		B9540E301C23D7AB006A9146 /* ViewController.h */ = {isa = PBXFileReference; lastKnownFileType = sourcecode.c.h; path = ViewController.h; sourceTree = "<group>"; };
		B9540E311C23D7AB006A9146 /* ViewController.m */ = {isa = PBXFileReference; lastKnownFileType = sourcecode.c.objc; path = ViewController.m; sourceTree = "<group>"; };
		B9540E341C23D7AB006A9146 /* Base */ = {isa = PBXFileReference; lastKnownFileType = file.storyboard; name = Base; path = Base.lproj/Main.storyboard; sourceTree = "<group>"; };
		B9540E361C23D7AB006A9146 /* Assets.xcassets */ = {isa = PBXFileReference; lastKnownFileType = folder.assetcatalog; path = Assets.xcassets; sourceTree = "<group>"; };
		B9540E391C23D7AB006A9146 /* Base */ = {isa = PBXFileReference; lastKnownFileType = file.storyboard; name = Base; path = Base.lproj/LaunchScreen.storyboard; sourceTree = "<group>"; };
		B9540E3B1C23D7AB006A9146 /* Info.plist */ = {isa = PBXFileReference; lastKnownFileType = text.plist.xml; path = Info.plist; sourceTree = "<group>"; };
		B9540E401C23D7AB006A9146 /* CLCocoaExtensionTests.xctest */ = {isa = PBXFileReference; explicitFileType = wrapper.cfbundle; includeInIndex = 0; path = CLCocoaExtensionTests.xctest; sourceTree = BUILT_PRODUCTS_DIR; };
		B9540E441C23D7AB006A9146 /* CLCocoaExtensionTests.m */ = {isa = PBXFileReference; lastKnownFileType = sourcecode.c.objc; path = CLCocoaExtensionTests.m; sourceTree = "<group>"; };
		B9540E461C23D7AB006A9146 /* Info.plist */ = {isa = PBXFileReference; lastKnownFileType = text.plist.xml; path = Info.plist; sourceTree = "<group>"; };
		B9540E4B1C23D7AB006A9146 /* CLCocoaExtensionUITests.xctest */ = {isa = PBXFileReference; explicitFileType = wrapper.cfbundle; includeInIndex = 0; path = CLCocoaExtensionUITests.xctest; sourceTree = BUILT_PRODUCTS_DIR; };
		B9540E4F1C23D7AB006A9146 /* CLCocoaExtensionUITests.m */ = {isa = PBXFileReference; lastKnownFileType = sourcecode.c.objc; path = CLCocoaExtensionUITests.m; sourceTree = "<group>"; };
		B9540E511C23D7AB006A9146 /* Info.plist */ = {isa = PBXFileReference; lastKnownFileType = text.plist.xml; path = Info.plist; sourceTree = "<group>"; };
/* End PBXFileReference section */

/* Begin PBXFrameworksBuildPhase section */
		B9540E241C23D7AB006A9146 /* Frameworks */ = {
			isa = PBXFrameworksBuildPhase;
			buildActionMask = 2147483647;
			files = (
			);
			runOnlyForDeploymentPostprocessing = 0;
		};
		B9540E3D1C23D7AB006A9146 /* Frameworks */ = {
			isa = PBXFrameworksBuildPhase;
			buildActionMask = 2147483647;
			files = (
			);
			runOnlyForDeploymentPostprocessing = 0;
		};
		B9540E481C23D7AB006A9146 /* Frameworks */ = {
			isa = PBXFrameworksBuildPhase;
			buildActionMask = 2147483647;
			files = (
			);
			runOnlyForDeploymentPostprocessing = 0;
		};
/* End PBXFrameworksBuildPhase section */

/* Begin PBXGroup section */
		B9540E1E1C23D7AB006A9146 = {
			isa = PBXGroup;
			children = (
				B9540E291C23D7AB006A9146 /* CLCocoaExtension */,
				B9540E431C23D7AB006A9146 /* CLCocoaExtensionTests */,
				B9540E4E1C23D7AB006A9146 /* CLCocoaExtensionUITests */,
				B9540E281C23D7AB006A9146 /* Products */,
			);
			sourceTree = "<group>";
		};
		B9540E281C23D7AB006A9146 /* Products */ = {
			isa = PBXGroup;
			children = (
				B9540E271C23D7AB006A9146 /* CLCocoaExtension.app */,
				B9540E401C23D7AB006A9146 /* CLCocoaExtensionTests.xctest */,
				B9540E4B1C23D7AB006A9146 /* CLCocoaExtensionUITests.xctest */,
			);
			name = Products;
			sourceTree = "<group>";
		};
		B9540E291C23D7AB006A9146 /* CLCocoaExtension */ = {
			isa = PBXGroup;
			children = (
				B9540E2D1C23D7AB006A9146 /* AppDelegate.h */,
				B9540E2E1C23D7AB006A9146 /* AppDelegate.m */,
				B9540E301C23D7AB006A9146 /* ViewController.h */,
				B9540E311C23D7AB006A9146 /* ViewController.m */,
				B9540E331C23D7AB006A9146 /* Main.storyboard */,
				B9540E361C23D7AB006A9146 /* Assets.xcassets */,
				B9540E381C23D7AB006A9146 /* LaunchScreen.storyboard */,
				B9540E3B1C23D7AB006A9146 /* Info.plist */,
				B9540E2A1C23D7AB006A9146 /* Supporting Files */,
			);
			path = CLCocoaExtension;
			sourceTree = "<group>";
		};
		B9540E2A1C23D7AB006A9146 /* Supporting Files */ = {
			isa = PBXGroup;
			children = (
				B9540E2B1C23D7AB006A9146 /* main.m */,
			);
			name = "Supporting Files";
			sourceTree = "<group>";
		};
		B9540E431C23D7AB006A9146 /* CLCocoaExtensionTests */ = {
			isa = PBXGroup;
			children = (
				B9540E441C23D7AB006A9146 /* CLCocoaExtensionTests.m */,
				B9540E461C23D7AB006A9146 /* Info.plist */,
			);
			path = CLCocoaExtensionTests;
			sourceTree = "<group>";
		};
		B9540E4E1C23D7AB006A9146 /* CLCocoaExtensionUITests */ = {
			isa = PBXGroup;
			children = (
				B9540E4F1C23D7AB006A9146 /* CLCocoaExtensionUITests.m */,
				B9540E511C23D7AB006A9146 /* Info.plist */,
			);
			path = CLCocoaExtensionUITests;
			sourceTree = "<group>";
		};
/* End PBXGroup section */

/* Begin PBXNativeTarget section */
		B9540E261C23D7AB006A9146 /* CLCocoaExtension */ = {
			isa = PBXNativeTarget;
			buildConfigurationList = B9540E541C23D7AB006A9146 /* Build configuration list for PBXNativeTarget "CLCocoaExtension" */;
			buildPhases = (
				B9540E231C23D7AB006A9146 /* Sources */,
				B9540E241C23D7AB006A9146 /* Frameworks */,
				B9540E251C23D7AB006A9146 /* Resources */,
			);
			buildRules = (
			);
			dependencies = (
			);
			name = CLCocoaExtension;
			productName = CLCocoaExtension;
			productReference = B9540E271C23D7AB006A9146 /* CLCocoaExtension.app */;
			productType = "com.apple.product-type.application";
		};
		B9540E3F1C23D7AB006A9146 /* CLCocoaExtensionTests */ = {
			isa = PBXNativeTarget;
			buildConfigurationList = B9540E571C23D7AB006A9146 /* Build configuration list for PBXNativeTarget "CLCocoaExtensionTests" */;
			buildPhases = (
				B9540E3C1C23D7AB006A9146 /* Sources */,
				B9540E3D1C23D7AB006A9146 /* Frameworks */,
				B9540E3E1C23D7AB006A9146 /* Resources */,
			);
			buildRules = (
			);
			dependencies = (
				B9540E421C23D7AB006A9146 /* PBXTargetDependency */,
			);
			name = CLCocoaExtensionTests;
			productName = CLCocoaExtensionTests;
			productReference = B9540E401C23D7AB006A9146 /* CLCocoaExtensionTests.xctest */;
			productType = "com.apple.product-type.bundle.unit-test";
		};
		B9540E4A1C23D7AB006A9146 /* CLCocoaExtensionUITests */ = {
			isa = PBXNativeTarget;
			buildConfigurationList = B9540E5A1C23D7AB006A9146 /* Build configuration list for PBXNativeTarget "CLCocoaExtensionUITests" */;
			buildPhases = (
				B9540E471C23D7AB006A9146 /* Sources */,
				B9540E481C23D7AB006A9146 /* Frameworks */,
				B9540E491C23D7AB006A9146 /* Resources */,
			);
			buildRules = (
			);
			dependencies = (
				B9540E4D1C23D7AB006A9146 /* PBXTargetDependency */,
			);
			name = CLCocoaExtensionUITests;
			productName = CLCocoaExtensionUITests;
			productReference = B9540E4B1C23D7AB006A9146 /* CLCocoaExtensionUITests.xctest */;
			productType = "com.apple.product-type.bundle.ui-testing";
		};
/* End PBXNativeTarget section */

/* Begin PBXProject section */
		B9540E1F1C23D7AB006A9146 /* Project object */ = {
			isa = PBXProject;
			attributes = {
				LastUpgradeCheck = 0720;
				ORGANIZATIONNAME = chanricle;
				TargetAttributes = {
					B9540E261C23D7AB006A9146 = {
						CreatedOnToolsVersion = 7.2;
					};
					B9540E3F1C23D7AB006A9146 = {
						CreatedOnToolsVersion = 7.2;
						TestTargetID = B9540E261C23D7AB006A9146;
					};
					B9540E4A1C23D7AB006A9146 = {
						CreatedOnToolsVersion = 7.2;
						TestTargetID = B9540E261C23D7AB006A9146;
					};
				};
			};
			buildConfigurationList = B9540E221C23D7AB006A9146 /* Build configuration list for PBXProject "CLCocoaExtension" */;
			compatibilityVersion = "Xcode 3.2";
			developmentRegion = English;
			hasScannedForEncodings = 0;
			knownRegions = (
				en,
				Base,
			);
			mainGroup = B9540E1E1C23D7AB006A9146;
			productRefGroup = B9540E281C23D7AB006A9146 /* Products */;
			projectDirPath = "";
			projectRoot = "";
			targets = (
				B9540E261C23D7AB006A9146 /* CLCocoaExtension */,
				B9540E3F1C23D7AB006A9146 /* CLCocoaExtensionTests */,
				B9540E4A1C23D7AB006A9146 /* CLCocoaExtensionUITests */,
			);
		};
/* End PBXProject section */

/* Begin PBXResourcesBuildPhase section */
		B9540E251C23D7AB006A9146 /* Resources */ = {
			isa = PBXResourcesBuildPhase;
			buildActionMask = 2147483647;
			files = (
				B9540E3A1C23D7AB006A9146 /* LaunchScreen.storyboard in Resources */,
				B9540E371C23D7AB006A9146 /* Assets.xcassets in Resources */,
				B9540E351C23D7AB006A9146 /* Main.storyboard in Resources */,
			);
			runOnlyForDeploymentPostprocessing = 0;
		};
		B9540E3E1C23D7AB006A9146 /* Resources */ = {
			isa = PBXResourcesBuildPhase;
			buildActionMask = 2147483647;
			files = (
			);
			runOnlyForDeploymentPostprocessing = 0;
		};
		B9540E491C23D7AB006A9146 /* Resources */ = {
			isa = PBXResourcesBuildPhase;
			buildActionMask = 2147483647;
			files = (
			);
			runOnlyForDeploymentPostprocessing = 0;
		};
/* End PBXResourcesBuildPhase section */

/* Begin PBXSourcesBuildPhase section */
		B9540E231C23D7AB006A9146 /* Sources */ = {
			isa = PBXSourcesBuildPhase;
			buildActionMask = 2147483647;
			files = (
				B9540E321C23D7AB006A9146 /* ViewController.m in Sources */,
				B9540E2F1C23D7AB006A9146 /* AppDelegate.m in Sources */,
				B9540E2C1C23D7AB006A9146 /* main.m in Sources */,
			);
			runOnlyForDeploymentPostprocessing = 0;
		};
		B9540E3C1C23D7AB006A9146 /* Sources */ = {
			isa = PBXSourcesBuildPhase;
			buildActionMask = 2147483647;
			files = (
				B9540E451C23D7AB006A9146 /* CLCocoaExtensionTests.m in Sources */,
			);
			runOnlyForDeploymentPostprocessing = 0;
		};
		B9540E471C23D7AB006A9146 /* Sources */ = {
			isa = PBXSourcesBuildPhase;
			buildActionMask = 2147483647;
			files = (
				B9540E501C23D7AB006A9146 /* CLCocoaExtensionUITests.m in Sources */,
			);
			runOnlyForDeploymentPostprocessing = 0;
		};
/* End PBXSourcesBuildPhase section */

/* Begin PBXTargetDependency section */
		B9540E421C23D7AB006A9146 /* PBXTargetDependency */ = {
			isa = PBXTargetDependency;
			target = B9540E261C23D7AB006A9146 /* CLCocoaExtension */;
			targetProxy = B9540E411C23D7AB006A9146 /* PBXContainerItemProxy */;
		};
		B9540E4D1C23D7AB006A9146 /* PBXTargetDependency */ = {
			isa = PBXTargetDependency;
			target = B9540E261C23D7AB006A9146 /* CLCocoaExtension */;
			targetProxy = B9540E4C1C23D7AB006A9146 /* PBXContainerItemProxy */;
		};
/* End PBXTargetDependency section */

/* Begin PBXVariantGroup section */
		B9540E331C23D7AB006A9146 /* Main.storyboard */ = {
			isa = PBXVariantGroup;
			children = (
				B9540E341C23D7AB006A9146 /* Base */,
			);
			name = Main.storyboard;
			sourceTree = "<group>";
		};
		B9540E381C23D7AB006A9146 /* LaunchScreen.storyboard */ = {
			isa = PBXVariantGroup;
			children = (
				B9540E391C23D7AB006A9146 /* Base */,
			);
			name = LaunchScreen.storyboard;
			sourceTree = "<group>";
		};
/* End PBXVariantGroup section */

/* Begin XCBuildConfiguration section */
		B9540E521C23D7AB006A9146 /* Debug */ = {
			isa = XCBuildConfiguration;
			buildSettings = {
				ALWAYS_SEARCH_USER_PATHS = NO;
				CLANG_CXX_LANGUAGE_STANDARD = "gnu++0x";
				CLANG_CXX_LIBRARY = "libc++";
				CLANG_ENABLE_MODULES = YES;
				CLANG_ENABLE_OBJC_ARC = YES;
				CLANG_WARN_BOOL_CONVERSION = YES;
				CLANG_WARN_CONSTANT_CONVERSION = YES;
				CLANG_WARN_DIRECT_OBJC_ISA_USAGE = YES_ERROR;
				CLANG_WARN_EMPTY_BODY = YES;
				CLANG_WARN_ENUM_CONVERSION = YES;
				CLANG_WARN_INT_CONVERSION = YES;
				CLANG_WARN_OBJC_ROOT_CLASS = YES_ERROR;
				CLANG_WARN_UNREACHABLE_CODE = YES;
				CLANG_WARN__DUPLICATE_METHOD_MATCH = YES;
				"CODE_SIGN_IDENTITY[sdk=iphoneos*]" = "iPhone Developer";
				COPY_PHASE_STRIP = NO;
				DEBUG_INFORMATION_FORMAT = dwarf;
				ENABLE_STRICT_OBJC_MSGSEND = YES;
				ENABLE_TESTABILITY = YES;
				GCC_C_LANGUAGE_STANDARD = gnu99;
				GCC_DYNAMIC_NO_PIC = NO;
				GCC_NO_COMMON_BLOCKS = YES;
				GCC_OPTIMIZATION_LEVEL = 0;
				GCC_PREPROCESSOR_DEFINITIONS = (
					"DEBUG=1",
					"$(inherited)",
				);
				GCC_WARN_64_TO_32_BIT_CONVERSION = YES;
				GCC_WARN_ABOUT_RETURN_TYPE = YES_ERROR;
				GCC_WARN_UNDECLARED_SELECTOR = YES;
				GCC_WARN_UNINITIALIZED_AUTOS = YES_AGGRESSIVE;
				GCC_WARN_UNUSED_FUNCTION = YES;
				GCC_WARN_UNUSED_VARIABLE = YES;
				IPHONEOS_DEPLOYMENT_TARGET = 9.2;
				MTL_ENABLE_DEBUG_INFO = YES;
				ONLY_ACTIVE_ARCH = YES;
				SDKROOT = iphoneos;
			};
			name = Debug;
		};
		B9540E531C23D7AB006A9146 /* Release */ = {
			isa = XCBuildConfiguration;
			buildSettings = {
				ALWAYS_SEARCH_USER_PATHS = NO;
				CLANG_CXX_LANGUAGE_STANDARD = "gnu++0x";
				CLANG_CXX_LIBRARY = "libc++";
				CLANG_ENABLE_MODULES = YES;
				CLANG_ENABLE_OBJC_ARC = YES;
				CLANG_WARN_BOOL_CONVERSION = YES;
				CLANG_WARN_CONSTANT_CONVERSION = YES;
				CLANG_WARN_DIRECT_OBJC_ISA_USAGE = YES_ERROR;
				CLANG_WARN_EMPTY_BODY = YES;
				CLANG_WARN_ENUM_CONVERSION = YES;
				CLANG_WARN_INT_CONVERSION = YES;
				CLANG_WARN_OBJC_ROOT_CLASS = YES_ERROR;
				CLANG_WARN_UNREACHABLE_CODE = YES;
				CLANG_WARN__DUPLICATE_METHOD_MATCH = YES;
				"CODE_SIGN_IDENTITY[sdk=iphoneos*]" = "iPhone Developer";
				COPY_PHASE_STRIP = NO;
				DEBUG_INFORMATION_FORMAT = "dwarf-with-dsym";
				ENABLE_NS_ASSERTIONS = NO;
				ENABLE_STRICT_OBJC_MSGSEND = YES;
				GCC_C_LANGUAGE_STANDARD = gnu99;
				GCC_NO_COMMON_BLOCKS = YES;
				GCC_WARN_64_TO_32_BIT_CONVERSION = YES;
				GCC_WARN_ABOUT_RETURN_TYPE = YES_ERROR;
				GCC_WARN_UNDECLARED_SELECTOR = YES;
				GCC_WARN_UNINITIALIZED_AUTOS = YES_AGGRESSIVE;
				GCC_WARN_UNUSED_FUNCTION = YES;
				GCC_WARN_UNUSED_VARIABLE = YES;
				IPHONEOS_DEPLOYMENT_TARGET = 9.2;
				MTL_ENABLE_DEBUG_INFO = NO;
				SDKROOT = iphoneos;
				VALIDATE_PRODUCT = YES;
			};
			name = Release;
		};
		B9540E551C23D7AB006A9146 /* Debug */ = {
			isa = XCBuildConfiguration;
			buildSettings = {
				ASSETCATALOG_COMPILER_APPICON_NAME = AppIcon;
				INFOPLIST_FILE = CLCocoaExtension/Info.plist;
				LD_RUNPATH_SEARCH_PATHS = "$(inherited) @executable_path/Frameworks";
				PRODUCT_BUNDLE_IDENTIFIER = com.chanricle.CLCocoaExtension;
				PRODUCT_NAME = "$(TARGET_NAME)";
			};
			name = Debug;
		};
		B9540E561C23D7AB006A9146 /* Release */ = {
			isa = XCBuildConfiguration;
			buildSettings = {
				ASSETCATALOG_COMPILER_APPICON_NAME = AppIcon;
				INFOPLIST_FILE = CLCocoaExtension/Info.plist;
				LD_RUNPATH_SEARCH_PATHS = "$(inherited) @executable_path/Frameworks";
				PRODUCT_BUNDLE_IDENTIFIER = com.chanricle.CLCocoaExtension;
				PRODUCT_NAME = "$(TARGET_NAME)";
			};
			name = Release;
		};
		B9540E581C23D7AB006A9146 /* Debug */ = {
			isa = XCBuildConfiguration;
			buildSettings = {
				BUNDLE_LOADER = "$(TEST_HOST)";
				INFOPLIST_FILE = CLCocoaExtensionTests/Info.plist;
				LD_RUNPATH_SEARCH_PATHS = "$(inherited) @executable_path/Frameworks @loader_path/Frameworks";
				PRODUCT_BUNDLE_IDENTIFIER = com.chanricle.CLCocoaExtensionTests;
				PRODUCT_NAME = "$(TARGET_NAME)";
				TEST_HOST = "$(BUILT_PRODUCTS_DIR)/CLCocoaExtension.app/CLCocoaExtension";
			};
			name = Debug;
		};
		B9540E591C23D7AB006A9146 /* Release */ = {
			isa = XCBuildConfiguration;
			buildSettings = {
				BUNDLE_LOADER = "$(TEST_HOST)";
				INFOPLIST_FILE = CLCocoaExtensionTests/Info.plist;
				LD_RUNPATH_SEARCH_PATHS = "$(inherited) @executable_path/Frameworks @loader_path/Frameworks";
				PRODUCT_BUNDLE_IDENTIFIER = com.chanricle.CLCocoaExtensionTests;
				PRODUCT_NAME = "$(TARGET_NAME)";
				TEST_HOST = "$(BUILT_PRODUCTS_DIR)/CLCocoaExtension.app/CLCocoaExtension";
			};
			name = Release;
		};
		B9540E5B1C23D7AB006A9146 /* Debug */ = {
			isa = XCBuildConfiguration;
			buildSettings = {
				INFOPLIST_FILE = CLCocoaExtensionUITests/Info.plist;
				LD_RUNPATH_SEARCH_PATHS = "$(inherited) @executable_path/Frameworks @loader_path/Frameworks";
				PRODUCT_BUNDLE_IDENTIFIER = com.chanricle.CLCocoaExtensionUITests;
				PRODUCT_NAME = "$(TARGET_NAME)";
				TEST_TARGET_NAME = CLCocoaExtension;
				USES_XCTRUNNER = YES;
			};
			name = Debug;
		};
		B9540E5C1C23D7AB006A9146 /* Release */ = {
			isa = XCBuildConfiguration;
			buildSettings = {
				INFOPLIST_FILE = CLCocoaExtensionUITests/Info.plist;
				LD_RUNPATH_SEARCH_PATHS = "$(inherited) @executable_path/Frameworks @loader_path/Frameworks";
				PRODUCT_BUNDLE_IDENTIFIER = com.chanricle.CLCocoaExtensionUITests;
				PRODUCT_NAME = "$(TARGET_NAME)";
				TEST_TARGET_NAME = CLCocoaExtension;
				USES_XCTRUNNER = YES;
			};
			name = Release;
		};
/* End XCBuildConfiguration section */

/* Begin XCConfigurationList section */
		B9540E221C23D7AB006A9146 /* Build configuration list for PBXProject "CLCocoaExtension" */ = {
			isa = XCConfigurationList;
			buildConfigurations = (
				B9540E521C23D7AB006A9146 /* Debug */,
				B9540E531C23D7AB006A9146 /* Release */,
			);
			defaultConfigurationIsVisible = 0;
			defaultConfigurationName = Release;
		};
		B9540E541C23D7AB006A9146 /* Build configuration list for PBXNativeTarget "CLCocoaExtension" */ = {
			isa = XCConfigurationList;
			buildConfigurations = (
				B9540E551C23D7AB006A9146 /* Debug */,
				B9540E561C23D7AB006A9146 /* Release */,
			);
			defaultConfigurationIsVisible = 0;
		};
		B9540E571C23D7AB006A9146 /* Build configuration list for PBXNativeTarget "CLCocoaExtensionTests" */ = {
			isa = XCConfigurationList;
			buildConfigurations = (
				B9540E581C23D7AB006A9146 /* Debug */,
				B9540E591C23D7AB006A9146 /* Release */,
			);
			defaultConfigurationIsVisible = 0;
		};
		B9540E5A1C23D7AB006A9146 /* Build configuration list for PBXNativeTarget "CLCocoaExtensionUITests" */ = {
			isa = XCConfigurationList;
			buildConfigurations = (
				B9540E5B1C23D7AB006A9146 /* Debug */,
				B9540E5C1C23D7AB006A9146 /* Release */,
			);
			defaultConfigurationIsVisible = 0;
		};
/* End XCConfigurationList section */
	};
	rootObject = B9540E1F1C23D7AB006A9146 /* Project object */;
}
